
Microsoft Visual Studio Solution File, Format Version 12.00
# Visual Studio Version 17
VisualStudioVersion = 17.4.33122.133
MinimumVisualStudioVersion = 10.0.40219.1
Project("{FAE04EC0-301F-11D3-BF4B-00C04F79EFBC}") = "ConsoleApp1", "ConsoleApp1\ConsoleApp1.csproj", "{3E89C06F-46B9-4661-83ED-12233FA82FFB}"
EndProject
Global
	GlobalSection(SolutionConfigurationPlatforms) = preSolution
		Debug|Any CPU = Debug|Any CPU
		Release|Any CPU = Release|Any CPU
	EndGlobalSection
	GlobalSection(ProjectConfigurationPlatforms) = postSolution
		{3E89C06F-46B9-4661-83ED-12233FA82FFB}.Debug|Any CPU.ActiveCfg = Debug|Any CPU
		{3E89C06F-46B9-4661-83ED-12233FA82FFB}.Debug|Any CPU.Build.0 = Debug|Any CPU
		{3E89C06F-46B9-4661-83ED-12233FA82FFB}.Release|Any CPU.ActiveCfg = Release|Any CPU
		{3E89C06F-46B9-4661-83ED-12233FA82FFB}.Release|Any CPU.Build.0 = Release|Any CPU
	EndGlobalSection
	GlobalSection(SolutionProperties) = preSolution
		HideSolutionNode = FALSE
	EndGlobalSection
	GlobalSection(ExtensibilityGlobals) = postSolution
		SolutionGuid = {E6998121-F715-4CFE-8B87-917E460A6E80}
	EndGlobalSection
EndGlobal
